
Microsoft Visual Studio Solution File, Format Version 12.00
# Visual Studio Version 16
VisualStudioVersion = 16.0.32002.261
MinimumVisualStudioVersion = 10.0.40219.1
Project("{F184B08F-C81C-45F6-A57F-5ABD9991F28F}") = "ConsoleApp2", "ConsoleApp2\ConsoleApp2.vbproj", "{26AF69AE-88A9-4B43-B02A-C8EEFFF49C9B}"
EndProject
Global
	GlobalSection(SolutionConfigurationPlatforms) = preSolution
		Debug|Any CPU = Debug|Any CPU
		Release|Any CPU = Release|Any CPU
	EndGlobalSection
	GlobalSection(ProjectConfigurationPlatforms) = postSolution
		{26AF69AE-88A9-4B43-B02A-C8EEFFF49C9B}.Debug|Any CPU.ActiveCfg = Debug|Any CPU
		{26AF69AE-88A9-4B43-B02A-C8EEFFF49C9B}.Debug|Any CPU.Build.0 = Debug|Any CPU
		{26AF69AE-88A9-4B43-B02A-C8EEFFF49C9B}.Release|Any CPU.ActiveCfg = Release|Any CPU
		{26AF69AE-88A9-4B43-B02A-C8EEFFF49C9B}.Release|Any CPU.Build.0 = Release|Any CPU
	EndGlobalSection
	GlobalSection(SolutionProperties) = preSolution
		HideSolutionNode = FALSE
	EndGlobalSection
	GlobalSection(ExtensibilityGlobals) = postSolution
		SolutionGuid = {FFF298F9-BC4E-435A-AB83-7EA414EC3E21}
	EndGlobalSection
EndGlobal
